
Microsoft Visual Studio Solution File, Format Version 12.00
# Visual Studio Version 17
VisualStudioVersion = 17.4.33122.133
MinimumVisualStudioVersion = 10.0.40219.1
Project("{FAE04EC0-301F-11D3-BF4B-00C04F79EFBC}") = "QACourse2MidtermProject", "QACourse2MidtermProject\QACourse2MidtermProject.csproj", "{90142627-6C37-4E4D-8566-32BF44ED7902}"
EndProject
Global
	GlobalSection(SolutionConfigurationPlatforms) = preSolution
		Debug|Any CPU = Debug|Any CPU
		Release|Any CPU = Release|Any CPU
	EndGlobalSection
	GlobalSection(ProjectConfigurationPlatforms) = postSolution
		{90142627-6C37-4E4D-8566-32BF44ED7902}.Debug|Any CPU.ActiveCfg = Debug|Any CPU
		{90142627-6C37-4E4D-8566-32BF44ED7902}.Debug|Any CPU.Build.0 = Debug|Any CPU
		{90142627-6C37-4E4D-8566-32BF44ED7902}.Release|Any CPU.ActiveCfg = Release|Any CPU
		{90142627-6C37-4E4D-8566-32BF44ED7902}.Release|Any CPU.Build.0 = Release|Any CPU
	EndGlobalSection
	GlobalSection(SolutionProperties) = preSolution
		HideSolutionNode = FALSE
	EndGlobalSection
	GlobalSection(ExtensibilityGlobals) = postSolution
		SolutionGuid = {469D30B6-46A1-4C91-805D-02203CCB5A96}
	EndGlobalSection
EndGlobal
